
Microsoft Visual Studio Solution File, Format Version 12.00
# Visual Studio Version 16
VisualStudioVersion = 16.0.30002.166
MinimumVisualStudioVersion = 10.0.40219.1
Project("{FAE04EC0-301F-11D3-BF4B-00C04F79EFBC}") = "ConsoleAppProvision", "ConsoleAppProvision.csproj", "{62A5CC59-4658-45A5-A212-6BD8B901C3CC}"
EndProject
Global
	GlobalSection(SolutionConfigurationPlatforms) = preSolution
		Debug|Any CPU = Debug|Any CPU
		Release|Any CPU = Release|Any CPU
	EndGlobalSection
	GlobalSection(ProjectConfigurationPlatforms) = postSolution
		{62A5CC59-4658-45A5-A212-6BD8B901C3CC}.Debug|Any CPU.ActiveCfg = Debug|Any CPU
		{62A5CC59-4658-45A5-A212-6BD8B901C3CC}.Debug|Any CPU.Build.0 = Debug|Any CPU
		{62A5CC59-4658-45A5-A212-6BD8B901C3CC}.Release|Any CPU.ActiveCfg = Release|Any CPU
		{62A5CC59-4658-45A5-A212-6BD8B901C3CC}.Release|Any CPU.Build.0 = Release|Any CPU
	EndGlobalSection
	GlobalSection(SolutionProperties) = preSolution
		HideSolutionNode = FALSE
	EndGlobalSection
	GlobalSection(ExtensibilityGlobals) = postSolution
		SolutionGuid = {8B51FD9F-9A7D-46E8-BEA4-580A000953A0}
	EndGlobalSection
EndGlobal
